
Microsoft Visual Studio Solution File, Format Version 12.00
# Visual Studio Version 16
VisualStudioVersion = 16.0.30523.141
MinimumVisualStudioVersion = 15.0.26124.0
Project("{9A19103F-16F7-4668-BE54-9A1E7A4F7556}") = "SportsStore", "SportsStore\SportsStore.csproj", "{93A6EA4D-54D0-4992-91FF-952EAE186C48}"
EndProject
Project("{9A19103F-16F7-4668-BE54-9A1E7A4F7556}") = "SportsStore.Tests", "SportsStore.Tests\SportsStore.Tests.csproj", "{6107F611-33D0-4463-B0F2-869716DFECC4}"
EndProject
Global
	GlobalSection(SolutionConfigurationPlatforms) = preSolution
		Debug|Any CPU = Debug|Any CPU
		Debug|x64 = Debug|x64
		Debug|x86 = Debug|x86
		Release|Any CPU = Release|Any CPU
		Release|x64 = Release|x64
		Release|x86 = Release|x86
	EndGlobalSection
	GlobalSection(ProjectConfigurationPlatforms) = postSolution
		{93A6EA4D-54D0-4992-91FF-952EAE186C48}.Debug|Any CPU.ActiveCfg = Debug|Any CPU
		{93A6EA4D-54D0-4992-91FF-952EAE186C48}.Debug|Any CPU.Build.0 = Debug|Any CPU
		{93A6EA4D-54D0-4992-91FF-952EAE186C48}.Debug|x64.ActiveCfg = Debug|Any CPU
		{93A6EA4D-54D0-4992-91FF-952EAE186C48}.Debug|x64.Build.0 = Debug|Any CPU
		{93A6EA4D-54D0-4992-91FF-952EAE186C48}.Debug|x86.ActiveCfg = Debug|Any CPU
		{93A6EA4D-54D0-4992-91FF-952EAE186C48}.Debug|x86.Build.0 = Debug|Any CPU
		{93A6EA4D-54D0-4992-91FF-952EAE186C48}.Release|Any CPU.ActiveCfg = Release|Any CPU
		{93A6EA4D-54D0-4992-91FF-952EAE186C48}.Release|Any CPU.Build.0 = Release|Any CPU
		{93A6EA4D-54D0-4992-91FF-952EAE186C48}.Release|x64.ActiveCfg = Release|Any CPU
		{93A6EA4D-54D0-4992-91FF-952EAE186C48}.Release|x64.Build.0 = Release|Any CPU
		{93A6EA4D-54D0-4992-91FF-952EAE186C48}.Release|x86.ActiveCfg = Release|Any CPU
		{93A6EA4D-54D0-4992-91FF-952EAE186C48}.Release|x86.Build.0 = Release|Any CPU
		{6107F611-33D0-4463-B0F2-869716DFECC4}.Debug|Any CPU.ActiveCfg = Debug|Any CPU
		{6107F611-33D0-4463-B0F2-869716DFECC4}.Debug|Any CPU.Build.0 = Debug|Any CPU
		{6107F611-33D0-4463-B0F2-869716DFECC4}.Debug|x64.ActiveCfg = Debug|Any CPU
		{6107F611-33D0-4463-B0F2-869716DFECC4}.Debug|x64.Build.0 = Debug|Any CPU
		{6107F611-33D0-4463-B0F2-869716DFECC4}.Debug|x86.ActiveCfg = Debug|Any CPU
		{6107F611-33D0-4463-B0F2-869716DFECC4}.Debug|x86.Build.0 = Debug|Any CPU
		{6107F611-33D0-4463-B0F2-869716DFECC4}.Release|Any CPU.ActiveCfg = Release|Any CPU
		{6107F611-33D0-4463-B0F2-869716DFECC4}.Release|Any CPU.Build.0 = Release|Any CPU
		{6107F611-33D0-4463-B0F2-869716DFECC4}.Release|x64.ActiveCfg = Release|Any CPU
		{6107F611-33D0-4463-B0F2-869716DFECC4}.Release|x64.Build.0 = Release|Any CPU
		{6107F611-33D0-4463-B0F2-869716DFECC4}.Release|x86.ActiveCfg = Release|Any CPU
		{6107F611-33D0-4463-B0F2-869716DFECC4}.Release|x86.Build.0 = Release|Any CPU
	EndGlobalSection
	GlobalSection(SolutionProperties) = preSolution
		HideSolutionNode = FALSE
	EndGlobalSection
	GlobalSection(ExtensibilityGlobals) = postSolution
		SolutionGuid = {9E7EB29B-DAD0-4C68-961D-AE11C6F978E2}
	EndGlobalSection
EndGlobal
